{
  "name": "gradio_testaudio",
  "version": "0.5.0",
  "lockfileVersion": 3,
  "requires": true,
  "packages": {
    "": {
      "name": "gradio_testaudio",
      "version": "0.5.0",
      "license": "ISC",
      "dependencies": {
        "@gradio/atoms": "0.2.1",
        "@gradio/button": "0.2.4",
        "@gradio/client": "0.8.0",
        "@gradio/icons": "0.2.0",
        "@gradio/statustracker": "0.3.1",
        "@gradio/upload": "0.4.0",
        "@gradio/utils": "0.2.0",
        "@gradio/wasm": "0.2.0",
        "@types/wavesurfer.js": "^6.0.10",
        "extendable-media-recorder": "^9.0.0",
        "extendable-media-recorder-wav-encoder": "^7.0.76",
        "resize-observer-polyfill": "^1.5.1",
        "svelte-range-slider-pips": "^2.0.1",
        "wavesurfer.js": "^7.4.2"
      }
    },
    "node_modules/@ampproject/remapping": {
      "version": "2.2.1",
      "resolved": "https://registry.npmjs.org/@ampproject/remapping/-/remapping-2.2.1.tgz",
      "integrity": "sha512-lFMjJTrFL3j7L9yBxwYfCq2k6qqwHyzuUl/XBnif78PWTJYyL/dfowQHWE3sp6U6ZzqWiiIZnpTMO96zhkjwtg==",
      "peer": true,
      "dependencies": {
        "@jridgewell/gen-mapping": "^0.3.0",
        "@jridgewell/trace-mapping": "^0.3.9"
      },
      "engines": {
        "node": ">=6.0.0"
      }
    },
    "node_modules/@babel/runtime": {
      "version": "7.23.4",
      "resolved": "https://registry.npmjs.org/@babel/runtime/-/runtime-7.23.4.tgz",
      "integrity": "sha512-2Yv65nlWnWlSpe3fXEyX5i7fx5kIKo4Qbcj+hMO0odwaneFjfXw5fdum+4yL20O0QiaHpia0cYQ9xpNMqrBwHg==",
      "dependencies": {
        "regenerator-runtime": "^0.14.0"
      },
      "engines": {
        "node": ">=6.9.0"
      }
    },
    "node_modules/@esbuild/android-arm": {
      "version": "0.19.6",
      "resolved": "https://registry.npmjs.org/@esbuild/android-arm/-/android-arm-0.19.6.tgz",
      "integrity": "sha512-muPzBqXJKCbMYoNbb1JpZh/ynl0xS6/+pLjrofcR3Nad82SbsCogYzUE6Aq9QT3cLP0jR/IVK/NHC9b90mSHtg==",
      "cpu": [
        "arm"
      ],
      "optional": true,
      "os": [
        "android"
      ],
      "engines": {
        "node": ">=12"
      }
    },
    "node_modules/@esbuild/android-arm64": {
      "version": "0.19.6",
      "resolved": "https://registry.npmjs.org/@esbuild/android-arm64/-/android-arm64-0.19.6.tgz",
      "integrity": "sha512-KQ/hbe9SJvIJ4sR+2PcZ41IBV+LPJyYp6V1K1P1xcMRup9iYsBoQn4MzE3mhMLOld27Au2eDcLlIREeKGUXpHQ==",
      "cpu": [
        "arm64"
      ],
      "optional": true,
      "os": [
        "android"
      ],
      "engines": {
        "node": ">=12"
      }
    },
    "node_modules/@esbuild/android-x64": {
      "version": "0.19.6",
      "resolved": "https://registry.npmjs.org/@esbuild/android-x64/-/android-x64-0.19.6.tgz",
      "integrity": "sha512-VVJVZQ7p5BBOKoNxd0Ly3xUM78Y4DyOoFKdkdAe2m11jbh0LEU4bPles4e/72EMl4tapko8o915UalN/5zhspg==",
      "cpu": [
        "x64"
      ],
      "optional": true,
      "os": [
        "android"
      ],
      "engines": {
        "node": ">=12"
      }
    },
    "node_modules/@esbuild/darwin-arm64": {
      "version": "0.19.6",
      "resolved": "https://registry.npmjs.org/@esbuild/darwin-arm64/-/darwin-arm64-0.19.6.tgz",
      "integrity": "sha512-91LoRp/uZAKx6ESNspL3I46ypwzdqyDLXZH7x2QYCLgtnaU08+AXEbabY2yExIz03/am0DivsTtbdxzGejfXpA==",
      "cpu": [
        "arm64"
      ],
      "optional": true,
      "os": [
        "darwin"
      ],
      "engines": {
        "node": ">=12"
      }
    },
    "node_modules/@esbuild/darwin-x64": {
      "version": "0.19.6",
      "resolved": "https://registry.npmjs.org/@esbuild/darwin-x64/-/darwin-x64-0.19.6.tgz",
      "integrity": "sha512-QCGHw770ubjBU1J3ZkFJh671MFajGTYMZumPs9E/rqU52md6lIil97BR0CbPq6U+vTh3xnTNDHKRdR8ggHnmxQ==",
      "cpu": [
        "x64"
      ],
      "optional": true,
      "os": [
        "darwin"
      ],
      "engines": {
        "node": ">=12"
      }
    },
    "node_modules/@esbuild/freebsd-arm64": {
      "version": "0.19.6",
      "resolved": "https://registry.npmjs.org/@esbuild/freebsd-arm64/-/freebsd-arm64-0.19.6.tgz",
      "integrity": "sha512-J53d0jGsDcLzWk9d9SPmlyF+wzVxjXpOH7jVW5ae7PvrDst4kiAz6sX+E8btz0GB6oH12zC+aHRD945jdjF2Vg==",
      "cpu": [
        "arm64"
      ],
      "optional": true,
      "os": [
        "freebsd"
      ],
      "engines": {
        "node": ">=12"
      }
    },
    "node_modules/@esbuild/freebsd-x64": {
      "version": "0.19.6",
      "resolved": "https://registry.npmjs.org/@esbuild/freebsd-x64/-/freebsd-x64-0.19.6.tgz",
      "integrity": "sha512-hn9qvkjHSIB5Z9JgCCjED6YYVGCNpqB7dEGavBdG6EjBD8S/UcNUIlGcB35NCkMETkdYwfZSvD9VoDJX6VeUVA==",
      "cpu": [
        "x64"
      ],
      "optional": true,
      "os": [
        "freebsd"
      ],
      "engines": {
        "node": ">=12"
      }
    },
    "node_modules/@esbuild/linux-arm": {
      "version": "0.19.6",
      "resolved": "https://registry.npmjs.org/@esbuild/linux-arm/-/linux-arm-0.19.6.tgz",
      "integrity": "sha512-G8IR5zFgpXad/Zp7gr7ZyTKyqZuThU6z1JjmRyN1vSF8j0bOlGzUwFSMTbctLAdd7QHpeyu0cRiuKrqK1ZTwvQ==",
      "cpu": [
        "arm"
      ],
      "optional": true,
      "os": [
        "linux"
      ],
      "engines": {
        "node": ">=12"
      }
    },
    "node_modules/@esbuild/linux-arm64": {
      "version": "0.19.6",
      "resolved": "https://registry.npmjs.org/@esbuild/linux-arm64/-/linux-arm64-0.19.6.tgz",
      "integrity": "sha512-HQCOrk9XlH3KngASLaBfHpcoYEGUt829A9MyxaI8RMkfRA8SakG6YQEITAuwmtzFdEu5GU4eyhKcpv27dFaOBg==",
      "cpu": [
        "arm64"
      ],
      "optional": true,
      "os": [
        "linux"
      ],
      "engines": {
        "node": ">=12"
      }
    },
    "node_modules/@esbuild/linux-ia32": {
      "version": "0.19.6",
      "resolved": "https://registry.npmjs.org/@esbuild/linux-ia32/-/linux-ia32-0.19.6.tgz",
      "integrity": "sha512-22eOR08zL/OXkmEhxOfshfOGo8P69k8oKHkwkDrUlcB12S/sw/+COM4PhAPT0cAYW/gpqY2uXp3TpjQVJitz7w==",
      "cpu": [
        "ia32"
      ],
      "optional": true,
      "os": [
        "linux"
      ],
      "engines": {
        "node": ">=12"
      }
    },
    "node_modules/@esbuild/linux-loong64": {
      "version": "0.19.6",
      "resolved": "https://registry.npmjs.org/@esbuild/linux-loong64/-/linux-loong64-0.19.6.tgz",
      "integrity": "sha512-82RvaYAh/SUJyjWA8jDpyZCHQjmEggL//sC7F3VKYcBMumQjUL3C5WDl/tJpEiKtt7XrWmgjaLkrk205zfvwTA==",
      "cpu": [
        "loong64"
      ],
      "optional": true,
      "os": [
        "linux"
      ],
      "engines": {
        "node": ">=12"
      }
    },
    "node_modules/@esbuild/linux-mips64el": {
      "version": "0.19.6",
      "resolved": "https://registry.npmjs.org/@esbuild/linux-mips64el/-/linux-mips64el-0.19.6.tgz",
      "integrity": "sha512-8tvnwyYJpR618vboIv2l8tK2SuK/RqUIGMfMENkeDGo3hsEIrpGldMGYFcWxWeEILe5Fi72zoXLmhZ7PR23oQA==",
      "cpu": [
        "mips64el"
      ],
      "optional": true,
      "os": [
        "linux"
      ],
      "engines": {
        "node": ">=12"
      }
    },
    "node_modules/@esbuild/linux-ppc64": {
      "version": "0.19.6",
      "resolved": "https://registry.npmjs.org/@esbuild/linux-ppc64/-/linux-ppc64-0.19.6.tgz",
      "integrity": "sha512-Qt+D7xiPajxVNk5tQiEJwhmarNnLPdjXAoA5uWMpbfStZB0+YU6a3CtbWYSy+sgAsnyx4IGZjWsTzBzrvg/fMA==",
      "cpu": [
        "ppc64"
      ],
      "optional": true,
      "os": [
        "linux"
      ],
      "engines": {
        "node": ">=12"
      }
    },
    "node_modules/@esbuild/linux-riscv64": {
      "version": "0.19.6",
      "resolved": "https://registry.npmjs.org/@esbuild/linux-riscv64/-/linux-riscv64-0.19.6.tgz",
      "integrity": "sha512-lxRdk0iJ9CWYDH1Wpnnnc640ajF4RmQ+w6oHFZmAIYu577meE9Ka/DCtpOrwr9McMY11ocbp4jirgGgCi7Ls/g==",
      "cpu": [
        "riscv64"
      ],
      "optional": true,
      "os": [
        "linux"
      ],
      "engines": {
        "node": ">=12"
      }
    },
    "node_modules/@esbuild/linux-s390x": {
      "version": "0.19.6",
      "resolved": "https://registry.npmjs.org/@esbuild/linux-s390x/-/linux-s390x-0.19.6.tgz",
      "integrity": "sha512-MopyYV39vnfuykHanRWHGRcRC3AwU7b0QY4TI8ISLfAGfK+tMkXyFuyT1epw/lM0pflQlS53JoD22yN83DHZgA==",
      "cpu": [
        "s390x"
      ],
      "optional": true,
      "os": [
        "linux"
      ],
      "engines": {
        "node": ">=12"
      }
    },
    "node_modules/@esbuild/linux-x64": {
      "version": "0.19.6",
      "resolved": "https://registry.npmjs.org/@esbuild/linux-x64/-/linux-x64-0.19.6.tgz",
      "integrity": "sha512-UWcieaBzsN8WYbzFF5Jq7QULETPcQvlX7KL4xWGIB54OknXJjBO37sPqk7N82WU13JGWvmDzFBi1weVBajPovg==",
      "cpu": [
        "x64"
      ],
      "optional": true,
      "os": [
        "linux"
      ],
      "engines": {
        "node": ">=12"
      }
    },
    "node_modules/@esbuild/netbsd-x64": {
      "version": "0.19.6",
      "resolved": "https://registry.npmjs.org/@esbuild/netbsd-x64/-/netbsd-x64-0.19.6.tgz",
      "integrity": "sha512-EpWiLX0fzvZn1wxtLxZrEW+oQED9Pwpnh+w4Ffv8ZLuMhUoqR9q9rL4+qHW8F4Mg5oQEKxAoT0G+8JYNqCiR6g==",
      "cpu": [
        "x64"
      ],
      "optional": true,
      "os": [
        "netbsd"
      ],
      "engines": {
        "node": ">=12"
      }
    },
    "node_modules/@esbuild/openbsd-x64": {
      "version": "0.19.6",
      "resolved": "https://registry.npmjs.org/@esbuild/openbsd-x64/-/openbsd-x64-0.19.6.tgz",
      "integrity": "sha512-fFqTVEktM1PGs2sLKH4M5mhAVEzGpeZJuasAMRnvDZNCV0Cjvm1Hu35moL2vC0DOrAQjNTvj4zWrol/lwQ8Deg==",
      "cpu": [
        "x64"
      ],
      "optional": true,
      "os": [
        "openbsd"
      ],
      "engines": {
        "node": ">=12"
      }
    },
    "node_modules/@esbuild/sunos-x64": {
      "version": "0.19.6",
      "resolved": "https://registry.npmjs.org/@esbuild/sunos-x64/-/sunos-x64-0.19.6.tgz",
      "integrity": "sha512-M+XIAnBpaNvaVAhbe3uBXtgWyWynSdlww/JNZws0FlMPSBy+EpatPXNIlKAdtbFVII9OpX91ZfMb17TU3JKTBA==",
      "cpu": [
        "x64"
      ],
      "optional": true,
      "os": [
        "sunos"
      ],
      "engines": {
        "node": ">=12"
      }
    },
    "node_modules/@esbuild/win32-arm64": {
      "version": "0.19.6",
      "resolved": "https://registry.npmjs.org/@esbuild/win32-arm64/-/win32-arm64-0.19.6.tgz",
      "integrity": "sha512-2DchFXn7vp/B6Tc2eKdTsLzE0ygqKkNUhUBCNtMx2Llk4POIVMUq5rUYjdcedFlGLeRe1uLCpVvCmE+G8XYybA==",
      "cpu": [
        "arm64"
      ],
      "optional": true,
      "os": [
        "win32"
      ],
      "engines": {
        "node": ">=12"
      }
    },
    "node_modules/@esbuild/win32-ia32": {
      "version": "0.19.6",
      "resolved": "https://registry.npmjs.org/@esbuild/win32-ia32/-/win32-ia32-0.19.6.tgz",
      "integrity": "sha512-PBo/HPDQllyWdjwAVX+Gl2hH0dfBydL97BAH/grHKC8fubqp02aL4S63otZ25q3sBdINtOBbz1qTZQfXbP4VBg==",
      "cpu": [
        "ia32"
      ],
      "optional": true,
      "os": [
        "win32"
      ],
      "engines": {
        "node": ">=12"
      }
    },
    "node_modules/@esbuild/win32-x64": {
      "version": "0.19.6",
      "resolved": "https://registry.npmjs.org/@esbuild/win32-x64/-/win32-x64-0.19.6.tgz",
      "integrity": "sha512-OE7yIdbDif2kKfrGa+V0vx/B3FJv2L4KnIiLlvtibPyO9UkgO3rzYE0HhpREo2vmJ1Ixq1zwm9/0er+3VOSZJA==",
      "cpu": [
        "x64"
      ],
      "optional": true,
      "os": [
        "win32"
      ],
      "engines": {
        "node": ">=12"
      }
    },
    "node_modules/@formatjs/ecma402-abstract": {
      "version": "1.11.4",
      "resolved": "https://registry.npmjs.org/@formatjs/ecma402-abstract/-/ecma402-abstract-1.11.4.tgz",
      "integrity": "sha512-EBikYFp2JCdIfGEb5G9dyCkTGDmC57KSHhRQOC3aYxoPWVZvfWCDjZwkGYHN7Lis/fmuWl906bnNTJifDQ3sXw==",
      "dependencies": {
        "@formatjs/intl-localematcher": "0.2.25",
        "tslib": "^2.1.0"
      }
    },
    "node_modules/@formatjs/fast-memoize": {
      "version": "1.2.1",
      "resolved": "https://registry.npmjs.org/@formatjs/fast-memoize/-/fast-memoize-1.2.1.tgz",
      "integrity": "sha512-Rg0e76nomkz3vF9IPlKeV+Qynok0r7YZjL6syLz4/urSg0IbjPZCB/iYUMNsYA643gh4mgrX3T7KEIFIxJBQeg==",
      "dependencies": {
        "tslib": "^2.1.0"
      }
    },
    "node_modules/@formatjs/icu-messageformat-parser": {
      "version": "2.1.0",
      "resolved": "https://registry.npmjs.org/@formatjs/icu-messageformat-parser/-/icu-messageformat-parser-2.1.0.tgz",
      "integrity": "sha512-Qxv/lmCN6hKpBSss2uQ8IROVnta2r9jd3ymUEIjm2UyIkUCHVcbUVRGL/KS/wv7876edvsPe+hjHVJ4z8YuVaw==",
      "dependencies": {
        "@formatjs/ecma402-abstract": "1.11.4",
        "@formatjs/icu-skeleton-parser": "1.3.6",
        "tslib": "^2.1.0"
      }
    },
    "node_modules/@formatjs/icu-skeleton-parser": {
      "version": "1.3.6",
      "resolved": "https://registry.npmjs.org/@formatjs/icu-skeleton-parser/-/icu-skeleton-parser-1.3.6.tgz",
      "integrity": "sha512-I96mOxvml/YLrwU2Txnd4klA7V8fRhb6JG/4hm3VMNmeJo1F03IpV2L3wWt7EweqNLES59SZ4d6hVOPCSf80Bg==",
      "dependencies": {
        "@formatjs/ecma402-abstract": "1.11.4",
        "tslib": "^2.1.0"
      }
    },
    "node_modules/@formatjs/intl-localematcher": {
      "version": "0.2.25",
      "resolved": "https://registry.npmjs.org/@formatjs/intl-localematcher/-/intl-localematcher-0.2.25.tgz",
      "integrity": "sha512-YmLcX70BxoSopLFdLr1Ds99NdlTI2oWoLbaUW2M406lxOIPzE1KQhRz2fPUkq34xVZQaihCoU29h0KK7An3bhA==",
      "dependencies": {
        "tslib": "^2.1.0"
      }
    },
    "node_modules/@gradio/atoms": {
      "version": "0.2.1",
      "resolved": "https://registry.npmjs.org/@gradio/atoms/-/atoms-0.2.1.tgz",
      "integrity": "sha512-di3kKSbjxKGngvTAaqUaA6whOVs5BFlQULlWDPq1m37VRgUD7Oq2MkIE+T+YiNAhByN93pqA0hGrWwAUUuxy5Q==",
      "dependencies": {
        "@gradio/icons": "^0.2.0",
        "@gradio/utils": "^0.2.0"
      }
    },
    "node_modules/@gradio/button": {
      "version": "0.2.4",
      "resolved": "https://registry.npmjs.org/@gradio/button/-/button-0.2.4.tgz",
      "integrity": "sha512-/u55mIns5aqSUrDXZxgWob1s0uO8DexWhSuWedULbem9/josgvD7JhW8odVfn1NFGIYFG929+DmVyULkj19sZg==",
      "dependencies": {
        "@gradio/client": "^0.8.0",
        "@gradio/upload": "^0.4.0",
        "@gradio/utils": "^0.2.0"
      }
    },
    "node_modules/@gradio/client": {
      "version": "0.8.0",
      "resolved": "https://registry.npmjs.org/@gradio/client/-/client-0.8.0.tgz",
      "integrity": "sha512-UBkO7CO6/gtHWUPvVVQyk1l/WRf9j3lrmVSLcj4ckj5fc1ebiRdbMfoke0vkeGQXa0eabIFkMzCyuPIFRVnkLA==",
      "dependencies": {
        "bufferutil": "^4.0.7",
        "semiver": "^1.1.0",
        "ws": "^8.13.0"
      },
      "engines": {
        "node": ">=18.0.0"
      }
    },
    "node_modules/@gradio/column": {
      "version": "0.1.0",
      "resolved": "https://registry.npmjs.org/@gradio/column/-/column-0.1.0.tgz",
      "integrity": "sha512-P24nqqVnMXBaDA1f/zSN5HZRho4PxP8Dq+7VltPHlmxIEiZYik2AJ4J0LeuIha34FDO0guu/16evdrpvGIUAfw=="
    },
    "node_modules/@gradio/icons": {
      "version": "0.2.0",
      "resolved": "https://registry.npmjs.org/@gradio/icons/-/icons-0.2.0.tgz",
      "integrity": "sha512-rfCSmOF+ALqBOjTWL1ICasyA8JuO0MPwFrtlVMyAWp7R14AN8YChC/gbz5fZ0kNBiGGEYOOfqpKxyvC95jGGlg=="
    },
    "node_modules/@gradio/statustracker": {
      "version": "0.3.1",
      "resolved": "https://registry.npmjs.org/@gradio/statustracker/-/statustracker-0.3.1.tgz",
      "integrity": "sha512-ZpmXZSnbgoFU2J54SrNntwfo2OEuEoRV310Q0zGVTH1VL7loziR7GuYhfIbgS8qFlrWM0MhMoLGDX+k7LAig5w==",
      "dependencies": {
        "@gradio/atoms": "^0.2.1",
        "@gradio/column": "^0.1.0",
        "@gradio/icons": "^0.2.0",
        "@gradio/utils": "^0.2.0"
      }
    },
    "node_modules/@gradio/theme": {
      "version": "0.2.0",
      "resolved": "https://registry.npmjs.org/@gradio/theme/-/theme-0.2.0.tgz",
      "integrity": "sha512-33c68Nk7oRXLn08OxPfjcPm7S4tXGOUV1I1bVgzdM2YV5o1QBOS1GEnXPZPu/CEYPePLMB6bsDwffrLEyLGWVQ=="
    },
    "node_modules/@gradio/upload": {
      "version": "0.4.0",
      "resolved": "https://registry.npmjs.org/@gradio/upload/-/upload-0.4.0.tgz",
      "integrity": "sha512-9ObO1f56EjWniv4FmOZghgUy4eHlF1410HQ9CgCtOPo1U25li6HKBTlDWCNTT3dihfO+5eP3rhLSupVLrM+37g==",
      "dependencies": {
        "@gradio/atoms": "^0.2.1",
        "@gradio/client": "^0.8.0",
        "@gradio/icons": "^0.2.0",
        "@gradio/upload": "^0.4.0",
        "@gradio/utils": "^0.2.0"
      }
    },
    "node_modules/@gradio/utils": {
      "version": "0.2.0",
      "resolved": "https://registry.npmjs.org/@gradio/utils/-/utils-0.2.0.tgz",
      "integrity": "sha512-YkwzXufi6IxQrlMW+1sFo8Yn6F9NLL69ZoBsbo7QEhms0v5L7pmOTw+dfd7M3dwbRP2lgjrb52i1kAIN3n6aqQ==",
      "dependencies": {
        "@gradio/theme": "^0.2.0",
        "svelte-i18n": "^3.6.0"
      }
    },
    "node_modules/@gradio/wasm": {
      "version": "0.2.0",
      "resolved": "https://registry.npmjs.org/@gradio/wasm/-/wasm-0.2.0.tgz",
      "integrity": "sha512-lU0Uzn4avbyO4AA1yp7IR2FQcO23YUEU3kn0NA8S9cGIZLzxj1FepPO1TsNXtMymDdKKx72TJW2v4yrv/j3H2A==",
      "dependencies": {
        "@types/path-browserify": "^1.0.0",
        "path-browserify": "^1.0.1"
      }
    },
    "node_modules/@jridgewell/gen-mapping": {
      "version": "0.3.3",
      "resolved": "https://registry.npmjs.org/@jridgewell/gen-mapping/-/gen-mapping-0.3.3.tgz",
      "integrity": "sha512-HLhSWOLRi875zjjMG/r+Nv0oCW8umGb0BgEhyX3dDX3egwZtB8PqLnjz3yedt8R5StBrzcg4aBpnh8UA9D1BoQ==",
      "peer": true,
      "dependencies": {
        "@jridgewell/set-array": "^1.0.1",
        "@jridgewell/sourcemap-codec": "^1.4.10",
        "@jridgewell/trace-mapping": "^0.3.9"
      },
      "engines": {
        "node": ">=6.0.0"
      }
    },
    "node_modules/@jridgewell/resolve-uri": {
      "version": "3.1.1",
      "resolved": "https://registry.npmjs.org/@jridgewell/resolve-uri/-/resolve-uri-3.1.1.tgz",
      "integrity": "sha512-dSYZh7HhCDtCKm4QakX0xFpsRDqjjtZf/kjI/v3T3Nwt5r8/qz/M19F9ySyOqU94SXBmeG9ttTul+YnR4LOxFA==",
      "peer": true,
      "engines": {
        "node": ">=6.0.0"
      }
    },
    "node_modules/@jridgewell/set-array": {
      "version": "1.1.2",
      "resolved": "https://registry.npmjs.org/@jridgewell/set-array/-/set-array-1.1.2.tgz",
      "integrity": "sha512-xnkseuNADM0gt2bs+BvhO0p78Mk762YnZdsuzFV018NoG1Sj1SCQvpSqa7XUaTam5vAGasABV9qXASMKnFMwMw==",
      "peer": true,
      "engines": {
        "node": ">=6.0.0"
      }
    },
    "node_modules/@jridgewell/sourcemap-codec": {
      "version": "1.4.15",
      "resolved": "https://registry.npmjs.org/@jridgewell/sourcemap-codec/-/sourcemap-codec-1.4.15.tgz",
      "integrity": "sha512-eF2rxCRulEKXHTRiDrDy6erMYWqNw4LPdQ8UQA4huuxaQsVeRPFl2oM8oDGxMFhJUWZf9McpLtJasDDZb/Bpeg==",
      "peer": true
    },
    "node_modules/@jridgewell/trace-mapping": {
      "version": "0.3.20",
      "resolved": "https://registry.npmjs.org/@jridgewell/trace-mapping/-/trace-mapping-0.3.20.tgz",
      "integrity": "sha512-R8LcPeWZol2zR8mmH3JeKQ6QRCFb7XgUhV9ZlGhHLGyg4wpPiPZNQOOWhFZhxKw8u//yTbNGI42Bx/3paXEQ+Q==",
      "peer": true,
      "dependencies": {
        "@jridgewell/resolve-uri": "^3.1.0",
        "@jridgewell/sourcemap-codec": "^1.4.14"
      }
    },
    "node_modules/@types/debounce": {
      "version": "1.2.4",
      "resolved": "https://registry.npmjs.org/@types/debounce/-/debounce-1.2.4.tgz",
      "integrity": "sha512-jBqiORIzKDOToaF63Fm//haOCHuwQuLa2202RK4MozpA6lh93eCBc+/8+wZn5OzjJt3ySdc+74SXWXB55Ewtyw=="
    },
    "node_modules/@types/estree": {
      "version": "1.0.5",
      "resolved": "https://registry.npmjs.org/@types/estree/-/estree-1.0.5.tgz",
      "integrity": "sha512-/kYRxGDLWzHOB7q+wtSUQlFrtcdUccpfy+X+9iMBpHK8QLLhx2wIPYuS5DYtR9Wa/YlZAbIovy7qVdB1Aq6Lyw==",
      "peer": true
    },
    "node_modules/@types/path-browserify": {
      "version": "1.0.2",
      "resolved": "https://registry.npmjs.org/@types/path-browserify/-/path-browserify-1.0.2.tgz",
      "integrity": "sha512-ZkC5IUqqIFPXx3ASTTybTzmQdwHwe2C0u3eL75ldQ6T9E9IWFJodn6hIfbZGab73DfyiHN4Xw15gNxUq2FbvBA=="
    },
    "node_modules/@types/wavesurfer.js": {
      "version": "6.0.11",
      "resolved": "https://registry.npmjs.org/@types/wavesurfer.js/-/wavesurfer.js-6.0.11.tgz",
      "integrity": "sha512-4GGJHSoiWe51OcviLSAc1kt54nZNPe/dfMzWiUdLwqN1tjmJ/hAK7q028eFUuKp7KMaq3WdYFH1JUd5atAqEJA==",
      "dependencies": {
        "@types/debounce": "*"
      }
    },
    "node_modules/acorn": {
      "version": "8.11.2",
      "resolved": "https://registry.npmjs.org/acorn/-/acorn-8.11.2.tgz",
      "integrity": "sha512-nc0Axzp/0FILLEVsm4fNwLCwMttvhEI263QtVPQcbpfZZ3ts0hLsZGOpE6czNlid7CJ9MlyH8reXkpsf3YUY4w==",
      "peer": true,
      "bin": {
        "acorn": "bin/acorn"
      },
      "engines": {
        "node": ">=0.4.0"
      }
    },
    "node_modules/aria-query": {
      "version": "5.3.0",
      "resolved": "https://registry.npmjs.org/aria-query/-/aria-query-5.3.0.tgz",
      "integrity": "sha512-b0P0sZPKtyu8HkeRAfCq0IfURZK+SuwMjY1UXGBU27wpAiTwQAIlq56IbIO+ytk/JjS1fMR14ee5WBBfKi5J6A==",
      "peer": true,
      "dependencies": {
        "dequal": "^2.0.3"
      }
    },
    "node_modules/automation-events": {
      "version": "6.0.11",
      "resolved": "https://registry.npmjs.org/automation-events/-/automation-events-6.0.11.tgz",
      "integrity": "sha512-tUqFMJalQ3OAcbQOXzzNDpxzkuygMQ3eM92lJWJRn6YWJnH4oYIU3pzKipANOul/6L2vDFrOzgXVE21Dv4z/zw==",
      "dependencies": {
        "@babel/runtime": "^7.23.2",
        "tslib": "^2.6.2"
      },
      "engines": {
        "node": ">=16.1.0"
      }
    },
    "node_modules/axobject-query": {
      "version": "3.2.1",
      "resolved": "https://registry.npmjs.org/axobject-query/-/axobject-query-3.2.1.tgz",
      "integrity": "sha512-jsyHu61e6N4Vbz/v18DHwWYKK0bSWLqn47eeDSKPB7m8tqMHF9YJ+mhIk2lVteyZrY8tnSj/jHOv4YiTCuCJgg==",
      "peer": true,
      "dependencies": {
        "dequal": "^2.0.3"
      }
    },
    "node_modules/broker-factory": {
      "version": "3.0.87",
      "resolved": "https://registry.npmjs.org/broker-factory/-/broker-factory-3.0.87.tgz",
      "integrity": "sha512-kta7k6Ton4AaO7XNZpOPMqcK7gl7c5VabKj4SEvUifZO6+YO+2OGh3eSSBB8/1LHM5xQii4QyEfsAZNEGi47aA==",
      "dependencies": {
        "@babel/runtime": "^7.23.2",
        "fast-unique-numbers": "^8.0.10",
        "tslib": "^2.6.2",
        "worker-factory": "^7.0.13"
      }
    },
    "node_modules/bufferutil": {
      "version": "4.0.8",
      "resolved": "https://registry.npmjs.org/bufferutil/-/bufferutil-4.0.8.tgz",
      "integrity": "sha512-4T53u4PdgsXqKaIctwF8ifXlRTTmEPJ8iEPWFdGZvcf7sbwYo6FKFEX9eNNAnzFZ7EzJAQ3CJeOtCRA4rDp7Pw==",
      "hasInstallScript": true,
      "dependencies": {
        "node-gyp-build": "^4.3.0"
      },
      "engines": {
        "node": ">=6.14.2"
      }
    },
    "node_modules/cli-color": {
      "version": "2.0.3",
      "resolved": "https://registry.npmjs.org/cli-color/-/cli-color-2.0.3.tgz",
      "integrity": "sha512-OkoZnxyC4ERN3zLzZaY9Emb7f/MhBOIpePv0Ycok0fJYT+Ouo00UBEIwsVsr0yoow++n5YWlSUgST9GKhNHiRQ==",
      "dependencies": {
        "d": "^1.0.1",
        "es5-ext": "^0.10.61",
        "es6-iterator": "^2.0.3",
        "memoizee": "^0.4.15",
        "timers-ext": "^0.1.7"
      },
      "engines": {
        "node": ">=0.10"
      }
    },
    "node_modules/code-red": {
      "version": "1.0.4",
      "resolved": "https://registry.npmjs.org/code-red/-/code-red-1.0.4.tgz",
      "integrity": "sha512-7qJWqItLA8/VPVlKJlFXU+NBlo/qyfs39aJcuMT/2ere32ZqvF5OSxgdM5xOfJJ7O429gg2HM47y8v9P+9wrNw==",
      "peer": true,
      "dependencies": {
        "@jridgewell/sourcemap-codec": "^1.4.15",
        "@types/estree": "^1.0.1",
        "acorn": "^8.10.0",
        "estree-walker": "^3.0.3",
        "periscopic": "^3.1.0"
      }
    },
    "node_modules/compilerr": {
      "version": "11.0.11",
      "resolved": "https://registry.npmjs.org/compilerr/-/compilerr-11.0.11.tgz",
      "integrity": "sha512-9rZPen2ElIBhH1p5EnOP7DFIvBqCQVxIU05fyPR/4tMNDvu7sv7mns4fWf2jninoWveVPJ3GCCishsXUfYlgbQ==",
      "dependencies": {
        "@babel/runtime": "^7.23.2",
        "dashify": "^2.0.0",
        "indefinite-article": "0.0.2",
        "tslib": "^2.6.2"
      },
      "engines": {
        "node": ">=16.1.0"
      }
    },
    "node_modules/css-tree": {
      "version": "2.3.1",
      "resolved": "https://registry.npmjs.org/css-tree/-/css-tree-2.3.1.tgz",
      "integrity": "sha512-6Fv1DV/TYw//QF5IzQdqsNDjx/wc8TrMBZsqjL9eW01tWb7R7k/mq+/VXfJCl7SoD5emsJop9cOByJZfs8hYIw==",
      "peer": true,
      "dependencies": {
        "mdn-data": "2.0.30",
        "source-map-js": "^1.0.1"
      },
      "engines": {
        "node": "^10 || ^12.20.0 || ^14.13.0 || >=15.0.0"
      }
    },
    "node_modules/d": {
      "version": "1.0.1",
      "resolved": "https://registry.npmjs.org/d/-/d-1.0.1.tgz",
      "integrity": "sha512-m62ShEObQ39CfralilEQRjH6oAMtNCV1xJyEx5LpRYUVN+EviphDgUc/F3hnYbADmkiNs67Y+3ylmlG7Lnu+FA==",
      "dependencies": {
        "es5-ext": "^0.10.50",
        "type": "^1.0.1"
      }
    },
    "node_modules/dashify": {
      "version": "2.0.0",
      "resolved": "https://registry.npmjs.org/dashify/-/dashify-2.0.0.tgz",
      "integrity": "sha512-hpA5C/YrPjucXypHPPc0oJ1l9Hf6wWbiOL7Ik42cxnsUOhWiCB/fylKbKqqJalW9FgkNQCw16YO8uW9Hs0Iy1A==",
      "engines": {
        "node": ">=4"
      }
    },
    "node_modules/deepmerge": {
      "version": "4.3.1",
      "resolved": "https://registry.npmjs.org/deepmerge/-/deepmerge-4.3.1.tgz",
      "integrity": "sha512-3sUqbMEc77XqpdNO7FRyRog+eW3ph+GYCbj+rK+uYyRMuwsVy0rMiVtPn+QJlKFvWP/1PYpapqYn0Me2knFn+A==",
      "engines": {
        "node": ">=0.10.0"
      }
    },
    "node_modules/dequal": {
      "version": "2.0.3",
      "resolved": "https://registry.npmjs.org/dequal/-/dequal-2.0.3.tgz",
      "integrity": "sha512-0je+qPKHEMohvfRTCEo3CrPG6cAzAYgmzKyxRiYSSDkS6eGJdyVJm7WaYA5ECaAD9wLB2T4EEeymA5aFVcYXCA==",
      "peer": true,
      "engines": {
        "node": ">=6"
      }
    },
    "node_modules/es5-ext": {
      "version": "0.10.62",
      "resolved": "https://registry.npmjs.org/es5-ext/-/es5-ext-0.10.62.tgz",
      "integrity": "sha512-BHLqn0klhEpnOKSrzn/Xsz2UIW8j+cGmo9JLzr8BiUapV8hPL9+FliFqjwr9ngW7jWdnxv6eO+/LqyhJVqgrjA==",
      "hasInstallScript": true,
      "dependencies": {
        "es6-iterator": "^2.0.3",
        "es6-symbol": "^3.1.3",
        "next-tick": "^1.1.0"
      },
      "engines": {
        "node": ">=0.10"
      }
    },
    "node_modules/es6-iterator": {
      "version": "2.0.3",
      "resolved": "https://registry.npmjs.org/es6-iterator/-/es6-iterator-2.0.3.tgz",
      "integrity": "sha512-zw4SRzoUkd+cl+ZoE15A9o1oQd920Bb0iOJMQkQhl3jNc03YqVjAhG7scf9C5KWRU/R13Orf588uCC6525o02g==",
      "dependencies": {
        "d": "1",
        "es5-ext": "^0.10.35",
        "es6-symbol": "^3.1.1"
      }
    },
    "node_modules/es6-symbol": {
      "version": "3.1.3",
      "resolved": "https://registry.npmjs.org/es6-symbol/-/es6-symbol-3.1.3.tgz",
      "integrity": "sha512-NJ6Yn3FuDinBaBRWl/q5X/s4koRHBrgKAu+yGI6JCBeiu3qrcbJhwT2GeR/EXVfylRk8dpQVJoLEFhK+Mu31NA==",
      "dependencies": {
        "d": "^1.0.1",
        "ext": "^1.1.2"
      }
    },
    "node_modules/es6-weak-map": {
      "version": "2.0.3",
      "resolved": "https://registry.npmjs.org/es6-weak-map/-/es6-weak-map-2.0.3.tgz",
      "integrity": "sha512-p5um32HOTO1kP+w7PRnB+5lQ43Z6muuMuIMffvDN8ZB4GcnjLBV6zGStpbASIMk4DCAvEaamhe2zhyCb/QXXsA==",
      "dependencies": {
        "d": "1",
        "es5-ext": "^0.10.46",
        "es6-iterator": "^2.0.3",
        "es6-symbol": "^3.1.1"
      }
    },
    "node_modules/esbuild": {
      "version": "0.19.6",
      "resolved": "https://registry.npmjs.org/esbuild/-/esbuild-0.19.6.tgz",
      "integrity": "sha512-Xl7dntjA2OEIvpr9j0DVxxnog2fyTGnyVoQXAMQI6eR3mf9zCQds7VIKUDCotDgE/p4ncTgeRqgX8t5d6oP4Gw==",
      "hasInstallScript": true,
      "bin": {
        "esbuild": "bin/esbuild"
      },
      "engines": {
        "node": ">=12"
      },
      "optionalDependencies": {
        "@esbuild/android-arm": "0.19.6",
        "@esbuild/android-arm64": "0.19.6",
        "@esbuild/android-x64": "0.19.6",
        "@esbuild/darwin-arm64": "0.19.6",
        "@esbuild/darwin-x64": "0.19.6",
        "@esbuild/freebsd-arm64": "0.19.6",
        "@esbuild/freebsd-x64": "0.19.6",
        "@esbuild/linux-arm": "0.19.6",
        "@esbuild/linux-arm64": "0.19.6",
        "@esbuild/linux-ia32": "0.19.6",
        "@esbuild/linux-loong64": "0.19.6",
        "@esbuild/linux-mips64el": "0.19.6",
        "@esbuild/linux-ppc64": "0.19.6",
        "@esbuild/linux-riscv64": "0.19.6",
        "@esbuild/linux-s390x": "0.19.6",
        "@esbuild/linux-x64": "0.19.6",
        "@esbuild/netbsd-x64": "0.19.6",
        "@esbuild/openbsd-x64": "0.19.6",
        "@esbuild/sunos-x64": "0.19.6",
        "@esbuild/win32-arm64": "0.19.6",
        "@esbuild/win32-ia32": "0.19.6",
        "@esbuild/win32-x64": "0.19.6"
      }
    },
    "node_modules/estree-walker": {
      "version": "3.0.3",
      "resolved": "https://registry.npmjs.org/estree-walker/-/estree-walker-3.0.3.tgz",
      "integrity": "sha512-7RUKfXgSMMkzt6ZuXmqapOurLGPPfgj6l9uRZ7lRGolvk0y2yocc35LdcxKC5PQZdn2DMqioAQ2NoWcrTKmm6g==",
      "peer": true,
      "dependencies": {
        "@types/estree": "^1.0.0"
      }
    },
    "node_modules/event-emitter": {
      "version": "0.3.5",
      "resolved": "https://registry.npmjs.org/event-emitter/-/event-emitter-0.3.5.tgz",
      "integrity": "sha512-D9rRn9y7kLPnJ+hMq7S/nhvoKwwvVJahBi2BPmx3bvbsEdK3W9ii8cBSGjP+72/LnM4n6fo3+dkCX5FeTQruXA==",
      "dependencies": {
        "d": "1",
        "es5-ext": "~0.10.14"
      }
    },
    "node_modules/ext": {
      "version": "1.7.0",
      "resolved": "https://registry.npmjs.org/ext/-/ext-1.7.0.tgz",
      "integrity": "sha512-6hxeJYaL110a9b5TEJSj0gojyHQAmA2ch5Os+ySCiA1QGdS697XWY1pzsrSjqA9LDEEgdB/KypIlR59RcLuHYw==",
      "dependencies": {
        "type": "^2.7.2"
      }
    },
    "node_modules/ext/node_modules/type": {
      "version": "2.7.2",
      "resolved": "https://registry.npmjs.org/type/-/type-2.7.2.tgz",
      "integrity": "sha512-dzlvlNlt6AXU7EBSfpAscydQ7gXB+pPGsPnfJnZpiNJBDj7IaJzQlBZYGdEi4R9HmPdBv2XmWJ6YUtoTa7lmCw=="
    },
    "node_modules/extendable-media-recorder": {
      "version": "9.1.3",
      "resolved": "https://registry.npmjs.org/extendable-media-recorder/-/extendable-media-recorder-9.1.3.tgz",
      "integrity": "sha512-iywA4+xhxJYg05G4m2GS4ktig/UhbMxtPoaY1tJN21o0VD4qCMw8iXYOBUvBPBsBWqDUvCUscD71Hvf2tVACsw==",
      "dependencies": {
        "@babel/runtime": "^7.23.2",
        "media-encoder-host": "^8.0.102",
        "multi-buffer-data-view": "^5.0.11",
        "recorder-audio-worklet": "^6.0.15",
        "standardized-audio-context": "^25.3.58",
        "subscribable-things": "^2.1.26",
        "tslib": "^2.6.2"
      }
    },
    "node_modules/extendable-media-recorder-wav-encoder": {
      "version": "7.0.99",
      "resolved": "https://registry.npmjs.org/extendable-media-recorder-wav-encoder/-/extendable-media-recorder-wav-encoder-7.0.99.tgz",
      "integrity": "sha512-EVkqanua2x1Q4wq6j7Pu43gEEDDdfYAx4gQHBck4uV7QUYyY40hjAZ9l/w55wTK05BMG9z3EAeVDIvGCBW4XgQ==",
      "dependencies": {
        "@babel/runtime": "^7.23.2",
        "extendable-media-recorder-wav-encoder-broker": "^7.0.91",
        "extendable-media-recorder-wav-encoder-worker": "^8.0.88",
        "tslib": "^2.6.2"
      }
    },
    "node_modules/extendable-media-recorder-wav-encoder-broker": {
      "version": "7.0.91",
      "resolved": "https://registry.npmjs.org/extendable-media-recorder-wav-encoder-broker/-/extendable-media-recorder-wav-encoder-broker-7.0.91.tgz",
      "integrity": "sha512-NGC8am1EuUQ0dsB93RPxZIPCBIDUYEAyUllqUHt9BDHhBVdLfMq90ETsJ4vXildsSk0yAxn5T8c0DxekUHNSbw==",
      "dependencies": {
        "@babel/runtime": "^7.23.2",
        "broker-factory": "^3.0.87",
        "extendable-media-recorder-wav-encoder-worker": "^8.0.88",
        "tslib": "^2.6.2"
      }
    },
    "node_modules/extendable-media-recorder-wav-encoder-worker": {
      "version": "8.0.88",
      "resolved": "https://registry.npmjs.org/extendable-media-recorder-wav-encoder-worker/-/extendable-media-recorder-wav-encoder-worker-8.0.88.tgz",
      "integrity": "sha512-ZOi/6BLrwg3UoDWrAu6WofvVyWqM5JhcmqZdSznOdtuX23a4N/5ERE0aW1Lat5Go6OWdJjUeNgAuHpIt0uGp1g==",
      "dependencies": {
        "@babel/runtime": "^7.23.2",
        "tslib": "^2.6.2",
        "worker-factory": "^7.0.13"
      }
    },
    "node_modules/fast-unique-numbers": {
      "version": "8.0.10",
      "resolved": "https://registry.npmjs.org/fast-unique-numbers/-/fast-unique-numbers-8.0.10.tgz",
      "integrity": "sha512-NUIqIhFYSwexP73lH76CLFkqNk9wHP00mUuqo4CMdhW+ETEGaIb6meriqdXRClwOQcTx2Qj4Ctw9Axo8cSwSqw==",
      "dependencies": {
        "@babel/runtime": "^7.23.2",
        "tslib": "^2.6.2"
      },
      "engines": {
        "node": ">=16.1.0"
      }
    },
    "node_modules/globalyzer": {
      "version": "0.1.0",
      "resolved": "https://registry.npmjs.org/globalyzer/-/globalyzer-0.1.0.tgz",
      "integrity": "sha512-40oNTM9UfG6aBmuKxk/giHn5nQ8RVz/SS4Ir6zgzOv9/qC3kKZ9v4etGTcJbEl/NyVQH7FGU7d+X1egr57Md2Q=="
    },
    "node_modules/globrex": {
      "version": "0.1.2",
      "resolved": "https://registry.npmjs.org/globrex/-/globrex-0.1.2.tgz",
      "integrity": "sha512-uHJgbwAMwNFf5mLst7IWLNg14x1CkeqglJb/K3doi4dw6q2IvAAmM/Y81kevy83wP+Sst+nutFTYOGg3d1lsxg=="
    },
    "node_modules/indefinite-article": {
      "version": "0.0.2",
      "resolved": "https://registry.npmjs.org/indefinite-article/-/indefinite-article-0.0.2.tgz",
      "integrity": "sha512-Au/2XzRkvxq2J6w5uvSSbBKPZ5kzINx5F2wb0SF8xpRL8BP9Lav81TnRbfPp6p+SYjYxwaaLn4EUwI3/MmYKSw=="
    },
    "node_modules/intl-messageformat": {
      "version": "9.13.0",
      "resolved": "https://registry.npmjs.org/intl-messageformat/-/intl-messageformat-9.13.0.tgz",
      "integrity": "sha512-7sGC7QnSQGa5LZP7bXLDhVDtQOeKGeBFGHF2Y8LVBwYZoQZCgWeKoPGTa5GMG8g/TzDgeXuYJQis7Ggiw2xTOw==",
      "dependencies": {
        "@formatjs/ecma402-abstract": "1.11.4",
        "@formatjs/fast-memoize": "1.2.1",
        "@formatjs/icu-messageformat-parser": "2.1.0",
        "tslib": "^2.1.0"
      }
    },
    "node_modules/is-promise": {
      "version": "2.2.2",
      "resolved": "https://registry.npmjs.org/is-promise/-/is-promise-2.2.2.tgz",
      "integrity": "sha512-+lP4/6lKUBfQjZ2pdxThZvLUAafmZb8OAxFb8XXtiQmS35INgr85hdOGoEs124ez1FCnZJt6jau/T+alh58QFQ=="
    },
    "node_modules/is-reference": {
      "version": "3.0.2",
      "resolved": "https://registry.npmjs.org/is-reference/-/is-reference-3.0.2.tgz",
      "integrity": "sha512-v3rht/LgVcsdZa3O2Nqs+NMowLOxeOm7Ay9+/ARQ2F+qEoANRcqrjAZKGN0v8ymUetZGgkp26LTnGT7H0Qo9Pg==",
      "peer": true,
      "dependencies": {
        "@types/estree": "*"
      }
    },
    "node_modules/locate-character": {
      "version": "3.0.0",
      "resolved": "https://registry.npmjs.org/locate-character/-/locate-character-3.0.0.tgz",
      "integrity": "sha512-SW13ws7BjaeJ6p7Q6CO2nchbYEc3X3J6WrmTTDto7yMPqVSZTUyY5Tjbid+Ab8gLnATtygYtiDIJGQRRn2ZOiA==",
      "peer": true
    },
    "node_modules/lru-queue": {
      "version": "0.1.0",
      "resolved": "https://registry.npmjs.org/lru-queue/-/lru-queue-0.1.0.tgz",
      "integrity": "sha512-BpdYkt9EvGl8OfWHDQPISVpcl5xZthb+XPsbELj5AQXxIC8IriDZIQYjBJPEm5rS420sjZ0TLEzRcq5KdBhYrQ==",
      "dependencies": {
        "es5-ext": "~0.10.2"
      }
    },
    "node_modules/magic-string": {
      "version": "0.30.5",
      "resolved": "https://registry.npmjs.org/magic-string/-/magic-string-0.30.5.tgz",
      "integrity": "sha512-7xlpfBaQaP/T6Vh8MO/EqXSW5En6INHEvEXQiuff7Gku0PWjU3uf6w/j9o7O+SpB5fOAkrI5HeoNgwjEO0pFsA==",
      "peer": true,
      "dependencies": {
        "@jridgewell/sourcemap-codec": "^1.4.15"
      },
      "engines": {
        "node": ">=12"
      }
    },
    "node_modules/mdn-data": {
      "version": "2.0.30",
      "resolved": "https://registry.npmjs.org/mdn-data/-/mdn-data-2.0.30.tgz",
      "integrity": "sha512-GaqWWShW4kv/G9IEucWScBx9G1/vsFZZJUO+tD26M8J8z3Kw5RDQjaoZe03YAClgeS/SWPOcb4nkFBTEi5DUEA==",
      "peer": true
    },
    "node_modules/media-encoder-host": {
      "version": "8.0.102",
      "resolved": "https://registry.npmjs.org/media-encoder-host/-/media-encoder-host-8.0.102.tgz",
      "integrity": "sha512-NWh8vHLS+nbCg3O1bvcAGp/fGAL1mfzjFlm5Uret/LwCDhV09LEXrGbh0/40pIxyE4VeUx8DL1xaEDpjXMwm2A==",
      "dependencies": {
        "@babel/runtime": "^7.23.2",
        "media-encoder-host-broker": "^7.0.92",
        "media-encoder-host-worker": "^9.1.14",
        "tslib": "^2.6.2"
      }
    },
    "node_modules/media-encoder-host-broker": {
      "version": "7.0.92",
      "resolved": "https://registry.npmjs.org/media-encoder-host-broker/-/media-encoder-host-broker-7.0.92.tgz",
      "integrity": "sha512-K7GxnwhhycvD8OBBiQIfy4KFWQ+HeLKc5YCiJf6hsW5A6MSqsHbbur1ALBJ4olRyNiv/L0hUK+hXpnlsOU/atA==",
      "dependencies": {
        "@babel/runtime": "^7.23.2",
        "broker-factory": "^3.0.87",
        "fast-unique-numbers": "^8.0.10",
        "media-encoder-host-worker": "^9.1.14",
        "tslib": "^2.6.2"
      }
    },
    "node_modules/media-encoder-host-worker": {
      "version": "9.1.14",
      "resolved": "https://registry.npmjs.org/media-encoder-host-worker/-/media-encoder-host-worker-9.1.14.tgz",
      "integrity": "sha512-t5uB5Cl4mfiDKddUot5XONLTbFb5ltsRuSQ1z1e6f7RELRh03vpCpLFMs0L4O4MJB6sLr9QsqxGXQQ0YEh+mWQ==",
      "dependencies": {
        "@babel/runtime": "^7.23.2",
        "extendable-media-recorder-wav-encoder-broker": "^7.0.91",
        "tslib": "^2.6.2",
        "worker-factory": "^7.0.13"
      }
    },
    "node_modules/memoizee": {
      "version": "0.4.15",
      "resolved": "https://registry.npmjs.org/memoizee/-/memoizee-0.4.15.tgz",
      "integrity": "sha512-UBWmJpLZd5STPm7PMUlOw/TSy972M+z8gcyQ5veOnSDRREz/0bmpyTfKt3/51DhEBqCZQn1udM/5flcSPYhkdQ==",
      "dependencies": {
        "d": "^1.0.1",
        "es5-ext": "^0.10.53",
        "es6-weak-map": "^2.0.3",
        "event-emitter": "^0.3.5",
        "is-promise": "^2.2.2",
        "lru-queue": "^0.1.0",
        "next-tick": "^1.1.0",
        "timers-ext": "^0.1.7"
      }
    },
    "node_modules/mri": {
      "version": "1.2.0",
      "resolved": "https://registry.npmjs.org/mri/-/mri-1.2.0.tgz",
      "integrity": "sha512-tzzskb3bG8LvYGFF/mDTpq3jpI6Q9wc3LEmBaghu+DdCssd1FakN7Bc0hVNmEyGq1bq3RgfkCb3cmQLpNPOroA==",
      "engines": {
        "node": ">=4"
      }
    },
    "node_modules/multi-buffer-data-view": {
      "version": "5.0.11",
      "resolved": "https://registry.npmjs.org/multi-buffer-data-view/-/multi-buffer-data-view-5.0.11.tgz",
      "integrity": "sha512-8nAorpR/QXxoPiqo9ycXU8A5MAOcMPXM9u2QH60ox6IEFx/jNH42vUoYI344MQGHLza19/1cflmsOCgKZZOSMw==",
      "dependencies": {
        "@babel/runtime": "^7.23.2",
        "tslib": "^2.6.2"
      },
      "engines": {
        "node": ">=16.1.0"
      }
    },
    "node_modules/next-tick": {
      "version": "1.1.0",
      "resolved": "https://registry.npmjs.org/next-tick/-/next-tick-1.1.0.tgz",
      "integrity": "sha512-CXdUiJembsNjuToQvxayPZF9Vqht7hewsvy2sOWafLvi2awflj9mOC6bHIg50orX8IJvWKY9wYQ/zB2kogPslQ=="
    },
    "node_modules/node-gyp-build": {
      "version": "4.7.0",
      "resolved": "https://registry.npmjs.org/node-gyp-build/-/node-gyp-build-4.7.0.tgz",
      "integrity": "sha512-PbZERfeFdrHQOOXiAKOY0VPbykZy90ndPKk0d+CFDegTKmWp1VgOTz2xACVbr1BjCWxrQp68CXtvNsveFhqDJg==",
      "bin": {
        "node-gyp-build": "bin.js",
        "node-gyp-build-optional": "optional.js",
        "node-gyp-build-test": "build-test.js"
      }
    },
    "node_modules/path-browserify": {
      "version": "1.0.1",
      "resolved": "https://registry.npmjs.org/path-browserify/-/path-browserify-1.0.1.tgz",
      "integrity": "sha512-b7uo2UCUOYZcnF/3ID0lulOJi/bafxa1xPe7ZPsammBSpjSWQkjNxlt635YGS2MiR9GjvuXCtz2emr3jbsz98g=="
    },
    "node_modules/periscopic": {
      "version": "3.1.0",
      "resolved": "https://registry.npmjs.org/periscopic/-/periscopic-3.1.0.tgz",
      "integrity": "sha512-vKiQ8RRtkl9P+r/+oefh25C3fhybptkHKCZSPlcXiJux2tJF55GnEj3BVn4A5gKfq9NWWXXrxkHBwVPUfH0opw==",
      "peer": true,
      "dependencies": {
        "@types/estree": "^1.0.0",
        "estree-walker": "^3.0.0",
        "is-reference": "^3.0.0"
      }
    },
    "node_modules/recorder-audio-worklet": {
      "version": "6.0.15",
      "resolved": "https://registry.npmjs.org/recorder-audio-worklet/-/recorder-audio-worklet-6.0.15.tgz",
      "integrity": "sha512-oVspIzQXqHBcQ5uEg42YLqwwTWTrWZg5FFiVvmqWTfr4qDD0NQ4Fays/q83f9VJbnpR1PqfMaeSI9I0ffazOuA==",
      "dependencies": {
        "@babel/runtime": "^7.23.2",
        "broker-factory": "^3.0.87",
        "fast-unique-numbers": "^8.0.10",
        "recorder-audio-worklet-processor": "^5.0.10",
        "standardized-audio-context": "^25.3.58",
        "subscribable-things": "^2.1.26",
        "tslib": "^2.6.2",
        "worker-factory": "^7.0.13"
      }
    },
    "node_modules/recorder-audio-worklet-processor": {
      "version": "5.0.10",
      "resolved": "https://registry.npmjs.org/recorder-audio-worklet-processor/-/recorder-audio-worklet-processor-5.0.10.tgz",
      "integrity": "sha512-qrKDL26yrxE5rNyFYE2IEv8H9Dkkx+exLAW3wT4IJo4ZICpxH3DDdXfFW+rNbtxWMTbbldePQ0oHC7DokUX74Q==",
      "dependencies": {
        "@babel/runtime": "^7.23.2",
        "tslib": "^2.6.2"
      }
    },
    "node_modules/regenerator-runtime": {
      "version": "0.14.0",
      "resolved": "https://registry.npmjs.org/regenerator-runtime/-/regenerator-runtime-0.14.0.tgz",
      "integrity": "sha512-srw17NI0TUWHuGa5CFGGmhfNIeja30WMBfbslPNhf6JrqQlLN5gcrvig1oqPxiVaXb0oW0XRKtH6Nngs5lKCIA=="
    },
    "node_modules/resize-observer-polyfill": {
      "version": "1.5.1",
      "resolved": "https://registry.npmjs.org/resize-observer-polyfill/-/resize-observer-polyfill-1.5.1.tgz",
      "integrity": "sha512-LwZrotdHOo12nQuZlHEmtuXdqGoOD0OhaxopaNFxWzInpEgaLWoVuAMbTzixuosCx2nEG58ngzW3vxdWoxIgdg=="
    },
    "node_modules/rxjs-interop": {
      "version": "2.0.0",
      "resolved": "https://registry.npmjs.org/rxjs-interop/-/rxjs-interop-2.0.0.tgz",
      "integrity": "sha512-ASEq9atUw7lualXB+knvgtvwkCEvGWV2gDD/8qnASzBkzEARZck9JAyxmY8OS6Nc1pCPEgDTKNcx+YqqYfzArw=="
    },
    "node_modules/sade": {
      "version": "1.8.1",
      "resolved": "https://registry.npmjs.org/sade/-/sade-1.8.1.tgz",
      "integrity": "sha512-xal3CZX1Xlo/k4ApwCFrHVACi9fBqJ7V+mwhBsuf/1IOKbBy098Fex+Wa/5QMubw09pSZ/u8EY8PWgevJsXp1A==",
      "dependencies": {
        "mri": "^1.1.0"
      },
      "engines": {
        "node": ">=6"
      }
    },
    "node_modules/semiver": {
      "version": "1.1.0",
      "resolved": "https://registry.npmjs.org/semiver/-/semiver-1.1.0.tgz",
      "integrity": "sha512-QNI2ChmuioGC1/xjyYwyZYADILWyW6AmS1UH6gDj/SFUUUS4MBAWs/7mxnkRPc/F4iHezDP+O8t0dO8WHiEOdg==",
      "engines": {
        "node": ">=6"
      }
    },
    "node_modules/source-map-js": {
      "version": "1.0.2",
      "resolved": "https://registry.npmjs.org/source-map-js/-/source-map-js-1.0.2.tgz",
      "integrity": "sha512-R0XvVJ9WusLiqTCEiGCmICCMplcCkIwwR11mOSD9CR5u+IXYdiseeEuXCVAjS54zqwkLcPNnmU4OeJ6tUrWhDw==",
      "peer": true,
      "engines": {
        "node": ">=0.10.0"
      }
    },
    "node_modules/standardized-audio-context": {
      "version": "25.3.58",
      "resolved": "https://registry.npmjs.org/standardized-audio-context/-/standardized-audio-context-25.3.58.tgz",
      "integrity": "sha512-1p5wVGiy4MfmhEt9MRY8yjZdkX+fi5jMxG1lqnAS1YmLUpE9VrOowxSINQ9Gjs89dFZMaENVwcMSPeQCjlz90Q==",
      "dependencies": {
        "@babel/runtime": "^7.23.2",
        "automation-events": "^6.0.11",
        "tslib": "^2.6.2"
      }
    },
    "node_modules/subscribable-things": {
      "version": "2.1.26",
      "resolved": "https://registry.npmjs.org/subscribable-things/-/subscribable-things-2.1.26.tgz",
      "integrity": "sha512-Fz+/UKellsC2SSGxsmWfxP9cJpcEP1Xb+5rNm/QIz9onpZlFqsDELWapEKaGSJFzlzW4WkGlyNR6t/pCrzuvXw==",
      "dependencies": {
        "@babel/runtime": "^7.23.2",
        "rxjs-interop": "^2.0.0",
        "tslib": "^2.6.2"
      }
    },
    "node_modules/svelte": {
      "version": "4.2.7",
      "resolved": "https://registry.npmjs.org/svelte/-/svelte-4.2.7.tgz",
      "integrity": "sha512-UExR1KS7raTdycsUrKLtStayu4hpdV3VZQgM0akX8XbXgLBlosdE/Sf3crOgyh9xIjqSYB3UEBuUlIQKRQX2hg==",
      "peer": true,
      "dependencies": {
        "@ampproject/remapping": "^2.2.1",
        "@jridgewell/sourcemap-codec": "^1.4.15",
        "@jridgewell/trace-mapping": "^0.3.18",
        "acorn": "^8.9.0",
        "aria-query": "^5.3.0",
        "axobject-query": "^3.2.1",
        "code-red": "^1.0.3",
        "css-tree": "^2.3.1",
        "estree-walker": "^3.0.3",
        "is-reference": "^3.0.1",
        "locate-character": "^3.0.0",
        "magic-string": "^0.30.4",
        "periscopic": "^3.1.0"
      },
      "engines": {
        "node": ">=16"
      }
    },
    "node_modules/svelte-i18n": {
      "version": "3.7.4",
      "resolved": "https://registry.npmjs.org/svelte-i18n/-/svelte-i18n-3.7.4.tgz",
      "integrity": "sha512-yGRCNo+eBT4cPuU7IVsYTYjxB7I2V8qgUZPlHnNctJj5IgbJgV78flsRzpjZ/8iUYZrS49oCt7uxlU3AZv/N5Q==",
      "dependencies": {
        "cli-color": "^2.0.3",
        "deepmerge": "^4.2.2",
        "esbuild": "^0.19.2",
        "estree-walker": "^2",
        "intl-messageformat": "^9.13.0",
        "sade": "^1.8.1",
        "tiny-glob": "^0.2.9"
      },
      "bin": {
        "svelte-i18n": "dist/cli.js"
      },
      "engines": {
        "node": ">= 16"
      },
      "peerDependencies": {
        "svelte": "^3 || ^4"
      }
    },
    "node_modules/svelte-i18n/node_modules/estree-walker": {
      "version": "2.0.2",
      "resolved": "https://registry.npmjs.org/estree-walker/-/estree-walker-2.0.2.tgz",
      "integrity": "sha512-Rfkk/Mp/DL7JVje3u18FxFujQlTNR2q6QfMSMB7AvCBx91NGj/ba3kCfza0f6dVDbw7YlRf/nDrn7pQrCCyQ/w=="
    },
    "node_modules/svelte-range-slider-pips": {
      "version": "2.2.3",
      "resolved": "https://registry.npmjs.org/svelte-range-slider-pips/-/svelte-range-slider-pips-2.2.3.tgz",
      "integrity": "sha512-ZAwX9+NDOE6cdqUTMfwBw27YI7NFgSXyPS1ARx3Zuaish2q6FuAtgx5d9+uqNzxQ7WVFhxgM7iQp8MvCpvy4Jw=="
    },
    "node_modules/timers-ext": {
      "version": "0.1.7",
      "resolved": "https://registry.npmjs.org/timers-ext/-/timers-ext-0.1.7.tgz",
      "integrity": "sha512-b85NUNzTSdodShTIbky6ZF02e8STtVVfD+fu4aXXShEELpozH+bCpJLYMPZbsABN2wDH7fJpqIoXxJpzbf0NqQ==",
      "dependencies": {
        "es5-ext": "~0.10.46",
        "next-tick": "1"
      }
    },
    "node_modules/tiny-glob": {
      "version": "0.2.9",
      "resolved": "https://registry.npmjs.org/tiny-glob/-/tiny-glob-0.2.9.tgz",
      "integrity": "sha512-g/55ssRPUjShh+xkfx9UPDXqhckHEsHr4Vd9zX55oSdGZc/MD0m3sferOkwWtp98bv+kcVfEHtRJgBVJzelrzg==",
      "dependencies": {
        "globalyzer": "0.1.0",
        "globrex": "^0.1.2"
      }
    },
    "node_modules/tslib": {
      "version": "2.6.2",
      "resolved": "https://registry.npmjs.org/tslib/-/tslib-2.6.2.tgz",
      "integrity": "sha512-AEYxH93jGFPn/a2iVAwW87VuUIkR1FVUKB77NwMF7nBTDkDrrT/Hpt/IrCJ0QXhW27jTBDcf5ZY7w6RiqTMw2Q=="
    },
    "node_modules/type": {
      "version": "1.2.0",
      "resolved": "https://registry.npmjs.org/type/-/type-1.2.0.tgz",
      "integrity": "sha512-+5nt5AAniqsCnu2cEQQdpzCAh33kVx8n0VoFidKpB1dVVLAN/F+bgVOqOJqOnEnrhp222clB5p3vUlD+1QAnfg=="
    },
    "node_modules/wavesurfer.js": {
      "version": "7.4.6",
      "resolved": "https://registry.npmjs.org/wavesurfer.js/-/wavesurfer.js-7.4.6.tgz",
      "integrity": "sha512-uQDw132ucreP6rqJKou9vWe59QPZQ4PGftQml58JbwMzna4pJjUxXDZv+ubV7LJBkX1kaO/9BEmBRpmR64O3rQ=="
    },
    "node_modules/worker-factory": {
      "version": "7.0.13",
      "resolved": "https://registry.npmjs.org/worker-factory/-/worker-factory-7.0.13.tgz",
      "integrity": "sha512-qNAXpWWjosIui6VzJguG3CHvBaja4P+bnX3ITaHDlclE9Q+YNllL+dQ9gv0eYqYJ3jNeaMbVvuWUM4YqIBV1vQ==",
      "dependencies": {
        "@babel/runtime": "^7.23.2",
        "compilerr": "^11.0.11",
        "fast-unique-numbers": "^8.0.10",
        "tslib": "^2.6.2"
      }
    },
    "node_modules/ws": {
      "version": "8.14.2",
      "resolved": "https://registry.npmjs.org/ws/-/ws-8.14.2.tgz",
      "integrity": "sha512-wEBG1ftX4jcglPxgFCMJmZ2PLtSbJ2Peg6TmpJFTbe9GZYOQCDPdMYu/Tm0/bGZkw8paZnJY45J4K2PZrLYq8g==",
      "engines": {
        "node": ">=10.0.0"
      },
      "peerDependencies": {
        "bufferutil": "^4.0.1",
        "utf-8-validate": ">=5.0.2"
      },
      "peerDependenciesMeta": {
        "bufferutil": {
          "optional": true
        },
        "utf-8-validate": {
          "optional": true
        }
      }
    }
  }
}
